
Microsoft Visual Studio Solution File, Format Version 12.00
# Visual Studio Version 17
VisualStudioVersion = 17.13.35913.81 d17.13
MinimumVisualStudioVersion = 10.0.40219.1
Project("{FAE04EC0-301F-11D3-BF4B-00C04F79EFBC}") = "PasswordManager.Logic", "PasswordManager.Logic\PasswordManager.Logic.csproj", "{5AEE4BEF-73AF-4F92-A6BD-6BAF89940466}"
EndProject
Project("{FAE04EC0-301F-11D3-BF4B-00C04F79EFBC}") = "PasswordManager.Common", "PasswordManager.Common\PasswordManager.Common.csproj", "{18D1E6C5-5B34-4099-968C-7D9CFCB030E3}"
EndProject
Project("{FAE04EC0-301F-11D3-BF4B-00C04F79EFBC}") = "PasswordManager.ConApp", "PasswordManager.ConApp\PasswordManager.ConApp.csproj", "{946777DA-F458-40F0-BA9C-AD6B1ACB53ED}"
EndProject
Project("{FAE04EC0-301F-11D3-BF4B-00C04F79EFBC}") = "PasswordManager.WebApi", "PasswordManager.WebApi\PasswordManager.WebApi.csproj", "{4AC0609B-F268-4845-B565-0659B96271DE}"
EndProject
Global
	GlobalSection(SolutionConfigurationPlatforms) = preSolution
		Debug|Any CPU = Debug|Any CPU
		Release|Any CPU = Release|Any CPU
	EndGlobalSection
	GlobalSection(ProjectConfigurationPlatforms) = postSolution
		{5AEE4BEF-73AF-4F92-A6BD-6BAF89940466}.Debug|Any CPU.ActiveCfg = Debug|Any CPU
		{5AEE4BEF-73AF-4F92-A6BD-6BAF89940466}.Debug|Any CPU.Build.0 = Debug|Any CPU
		{5AEE4BEF-73AF-4F92-A6BD-6BAF89940466}.Release|Any CPU.ActiveCfg = Release|Any CPU
		{5AEE4BEF-73AF-4F92-A6BD-6BAF89940466}.Release|Any CPU.Build.0 = Release|Any CPU
		{18D1E6C5-5B34-4099-968C-7D9CFCB030E3}.Debug|Any CPU.ActiveCfg = Debug|Any CPU
		{18D1E6C5-5B34-4099-968C-7D9CFCB030E3}.Debug|Any CPU.Build.0 = Debug|Any CPU
		{18D1E6C5-5B34-4099-968C-7D9CFCB030E3}.Release|Any CPU.ActiveCfg = Release|Any CPU
		{18D1E6C5-5B34-4099-968C-7D9CFCB030E3}.Release|Any CPU.Build.0 = Release|Any CPU
		{946777DA-F458-40F0-BA9C-AD6B1ACB53ED}.Debug|Any CPU.ActiveCfg = Debug|Any CPU
		{946777DA-F458-40F0-BA9C-AD6B1ACB53ED}.Debug|Any CPU.Build.0 = Debug|Any CPU
		{946777DA-F458-40F0-BA9C-AD6B1ACB53ED}.Release|Any CPU.ActiveCfg = Release|Any CPU
		{946777DA-F458-40F0-BA9C-AD6B1ACB53ED}.Release|Any CPU.Build.0 = Release|Any CPU
		{4AC0609B-F268-4845-B565-0659B96271DE}.Debug|Any CPU.ActiveCfg = Debug|Any CPU
		{4AC0609B-F268-4845-B565-0659B96271DE}.Debug|Any CPU.Build.0 = Debug|Any CPU
		{4AC0609B-F268-4845-B565-0659B96271DE}.Release|Any CPU.ActiveCfg = Release|Any CPU
		{4AC0609B-F268-4845-B565-0659B96271DE}.Release|Any CPU.Build.0 = Release|Any CPU
	EndGlobalSection
	GlobalSection(SolutionProperties) = preSolution
		HideSolutionNode = FALSE
	EndGlobalSection
	GlobalSection(ExtensibilityGlobals) = postSolution
		SolutionGuid = {B9E6654F-D175-4A09-A258-EB456C5FAF3B}
	EndGlobalSection
EndGlobal
